// !$*UTF8*$!
{
	archiveVersion = 1;
	classes = {
	};
	objectVersion = 56;
	objects = {

/* Begin PBXBuildFile section */
		4298B56E2BD19DB60091F576 /* AppDelegate.swift in Sources */ = {isa = PBXBuildFile; fileRef = 4298B56D2BD19DB60091F576 /* AppDelegate.swift */; };
		4298B5702BD19DB60091F576 /* SceneDelegate.swift in Sources */ = {isa = PBXBuildFile; fileRef = 4298B56F2BD19DB60091F576 /* SceneDelegate.swift */; };
		4298B5722BD19DB60091F576 /* ViewController.swift in Sources */ = {isa = PBXBuildFile; fileRef = 4298B5712BD19DB60091F576 /* ViewController.swift */; };
		4298B5752BD19DB60091F576 /* Main.storyboard in Resources */ = {isa = PBXBuildFile; fileRef = 4298B5732BD19DB60091F576 /* Main.storyboard */; };
		4298B5782BD19DB60091F576 /* Todo.xcdatamodeld in Sources */ = {isa = PBXBuildFile; fileRef = 4298B5762BD19DB60091F576 /* Todo.xcdatamodeld */; };
		4298B57A2BD19DB70091F576 /* Assets.xcassets in Resources */ = {isa = PBXBuildFile; fileRef = 4298B5792BD19DB70091F576 /* Assets.xcassets */; };
		4298B57D2BD19DB70091F576 /* LaunchScreen.storyboard in Resources */ = {isa = PBXBuildFile; fileRef = 4298B57B2BD19DB70091F576 /* LaunchScreen.storyboard */; };
		4298B5882BD19DB70091F576 /* TodoTests.swift in Sources */ = {isa = PBXBuildFile; fileRef = 4298B5872BD19DB70091F576 /* TodoTests.swift */; };
		4298B5922BD19DB70091F576 /* TodoUITests.swift in Sources */ = {isa = PBXBuildFile; fileRef = 4298B5912BD19DB70091F576 /* TodoUITests.swift */; };
		4298B5942BD19DB70091F576 /* TodoUITestsLaunchTests.swift in Sources */ = {isa = PBXBuildFile; fileRef = 4298B5932BD19DB70091F576 /* TodoUITestsLaunchTests.swift */; };
/* End PBXBuildFile section */

/* Begin PBXContainerItemProxy section */
		4298B5842BD19DB70091F576 /* PBXContainerItemProxy */ = {
			isa = PBXContainerItemProxy;
			containerPortal = 4298B5622BD19DB50091F576 /* Project object */;
			proxyType = 1;
			remoteGlobalIDString = 4298B5692BD19DB60091F576;
			remoteInfo = Todo;
		};
		4298B58E2BD19DB70091F576 /* PBXContainerItemProxy */ = {
			isa = PBXContainerItemProxy;
			containerPortal = 4298B5622BD19DB50091F576 /* Project object */;
			proxyType = 1;
			remoteGlobalIDString = 4298B5692BD19DB60091F576;
			remoteInfo = Todo;
		};
/* End PBXContainerItemProxy section */

/* Begin PBXFileReference section */
		4298B56A2BD19DB60091F576 /* Todo.app */ = {isa = PBXFileReference; explicitFileType = wrapper.application; includeInIndex = 0; path = Todo.app; sourceTree = BUILT_PRODUCTS_DIR; };
		4298B56D2BD19DB60091F576 /* AppDelegate.swift */ = {isa = PBXFileReference; lastKnownFileType = sourcecode.swift; path = AppDelegate.swift; sourceTree = "<group>"; };
		4298B56F2BD19DB60091F576 /* SceneDelegate.swift */ = {isa = PBXFileReference; lastKnownFileType = sourcecode.swift; path = SceneDelegate.swift; sourceTree = "<group>"; };
		4298B5712BD19DB60091F576 /* ViewController.swift */ = {isa = PBXFileReference; lastKnownFileType = sourcecode.swift; path = ViewController.swift; sourceTree = "<group>"; };
		4298B5742BD19DB60091F576 /* Base */ = {isa = PBXFileReference; lastKnownFileType = file.storyboard; name = Base; path = Base.lproj/Main.storyboard; sourceTree = "<group>"; };
		4298B5772BD19DB60091F576 /* Todo.xcdatamodel */ = {isa = PBXFileReference; lastKnownFileType = wrapper.xcdatamodel; path = Todo.xcdatamodel; sourceTree = "<group>"; };
		4298B5792BD19DB70091F576 /* Assets.xcassets */ = {isa = PBXFileReference; lastKnownFileType = folder.assetcatalog; path = Assets.xcassets; sourceTree = "<group>"; };
		4298B57C2BD19DB70091F576 /* Base */ = {isa = PBXFileReference; lastKnownFileType = file.storyboard; name = Base; path = Base.lproj/LaunchScreen.storyboard; sourceTree = "<group>"; };
		4298B57E2BD19DB70091F576 /* Info.plist */ = {isa = PBXFileReference; lastKnownFileType = text.plist.xml; path = Info.plist; sourceTree = "<group>"; };
		4298B5832BD19DB70091F576 /* TodoTests.xctest */ = {isa = PBXFileReference; explicitFileType = wrapper.cfbundle; includeInIndex = 0; path = TodoTests.xctest; sourceTree = BUILT_PRODUCTS_DIR; };
		4298B5872BD19DB70091F576 /* TodoTests.swift */ = {isa = PBXFileReference; lastKnownFileType = sourcecode.swift; path = TodoTests.swift; sourceTree = "<group>"; };
		4298B58D2BD19DB70091F576 /* TodoUITests.xctest */ = {isa = PBXFileReference; explicitFileType = wrapper.cfbundle; includeInIndex = 0; path = TodoUITests.xctest; sourceTree = BUILT_PRODUCTS_DIR; };
		4298B5912BD19DB70091F576 /* TodoUITests.swift */ = {isa = PBXFileReference; lastKnownFileType = sourcecode.swift; path = TodoUITests.swift; sourceTree = "<group>"; };
		4298B5932BD19DB70091F576 /* TodoUITestsLaunchTests.swift */ = {isa = PBXFileReference; lastKnownFileType = sourcecode.swift; path = TodoUITestsLaunchTests.swift; sourceTree = "<group>"; };
/* End PBXFileReference section */

/* Begin PBXFrameworksBuildPhase section */
		4298B5672BD19DB60091F576 /* Frameworks */ = {
			isa = PBXFrameworksBuildPhase;
			buildActionMask = 2147483647;
			files = (
			);
			runOnlyForDeploymentPostprocessing = 0;
		};
		4298B5802BD19DB70091F576 /* Frameworks */ = {
			isa = PBXFrameworksBuildPhase;
			buildActionMask = 2147483647;
			files = (
			);
			runOnlyForDeploymentPostprocessing = 0;
		};
		4298B58A2BD19DB70091F576 /* Frameworks */ = {
			isa = PBXFrameworksBuildPhase;
			buildActionMask = 2147483647;
			files = (
			);
			runOnlyForDeploymentPostprocessing = 0;
		};
/* End PBXFrameworksBuildPhase section */

/* Begin PBXGroup section */
		4298B5612BD19DB50091F576 = {
			isa = PBXGroup;
			children = (
				4298B56C2BD19DB60091F576 /* Todo */,
				4298B5862BD19DB70091F576 /* TodoTests */,
				4298B5902BD19DB70091F576 /* TodoUITests */,
				4298B56B2BD19DB60091F576 /* Products */,
			);
			sourceTree = "<group>";
		};
		4298B56B2BD19DB60091F576 /* Products */ = {
			isa = PBXGroup;
			children = (
				4298B56A2BD19DB60091F576 /* Todo.app */,
				4298B5832BD19DB70091F576 /* TodoTests.xctest */,
				4298B58D2BD19DB70091F576 /* TodoUITests.xctest */,
			);
			name = Products;
			sourceTree = "<group>";
		};
		4298B56C2BD19DB60091F576 /* Todo */ = {
			isa = PBXGroup;
			children = (
				4298B56D2BD19DB60091F576 /* AppDelegate.swift */,
				4298B56F2BD19DB60091F576 /* SceneDelegate.swift */,
				4298B5712BD19DB60091F576 /* ViewController.swift */,
				4298B5732BD19DB60091F576 /* Main.storyboard */,
				4298B5792BD19DB70091F576 /* Assets.xcassets */,
				4298B57B2BD19DB70091F576 /* LaunchScreen.storyboard */,
				4298B57E2BD19DB70091F576 /* Info.plist */,
				4298B5762BD19DB60091F576 /* Todo.xcdatamodeld */,
			);
			path = Todo;
			sourceTree = "<group>";
		};
		4298B5862BD19DB70091F576 /* TodoTests */ = {
			isa = PBXGroup;
			children = (
				4298B5872BD19DB70091F576 /* TodoTests.swift */,
			);
			path = TodoTests;
			sourceTree = "<group>";
		};
		4298B5902BD19DB70091F576 /* TodoUITests */ = {
			isa = PBXGroup;
			children = (
				4298B5912BD19DB70091F576 /* TodoUITests.swift */,
				4298B5932BD19DB70091F576 /* TodoUITestsLaunchTests.swift */,
			);
			path = TodoUITests;
			sourceTree = "<group>";
		};
/* End PBXGroup section */

/* Begin PBXNativeTarget section */
		4298B5692BD19DB60091F576 /* Todo */ = {
			isa = PBXNativeTarget;
			buildConfigurationList = 4298B5972BD19DB70091F576 /* Build configuration list for PBXNativeTarget "Todo" */;
			buildPhases = (
				4298B5662BD19DB60091F576 /* Sources */,
				4298B5672BD19DB60091F576 /* Frameworks */,
				4298B5682BD19DB60091F576 /* Resources */,
			);
			buildRules = (
			);
			dependencies = (
			);
			name = Todo;
			productName = Todo;
			productReference = 4298B56A2BD19DB60091F576 /* Todo.app */;
			productType = "com.apple.product-type.application";
		};
		4298B5822BD19DB70091F576 /* TodoTests */ = {
			isa = PBXNativeTarget;
			buildConfigurationList = 4298B59A2BD19DB70091F576 /* Build configuration list for PBXNativeTarget "TodoTests" */;
			buildPhases = (
				4298B57F2BD19DB70091F576 /* Sources */,
				4298B5802BD19DB70091F576 /* Frameworks */,
				4298B5812BD19DB70091F576 /* Resources */,
			);
			buildRules = (
			);
			dependencies = (
				4298B5852BD19DB70091F576 /* PBXTargetDependency */,
			);
			name = TodoTests;
			productName = TodoTests;
			productReference = 4298B5832BD19DB70091F576 /* TodoTests.xctest */;
			productType = "com.apple.product-type.bundle.unit-test";
		};
		4298B58C2BD19DB70091F576 /* TodoUITests */ = {
			isa = PBXNativeTarget;
			buildConfigurationList = 4298B59D2BD19DB70091F576 /* Build configuration list for PBXNativeTarget "TodoUITests" */;
			buildPhases = (
				4298B5892BD19DB70091F576 /* Sources */,
				4298B58A2BD19DB70091F576 /* Frameworks */,
				4298B58B2BD19DB70091F576 /* Resources */,
			);
			buildRules = (
			);
			dependencies = (
				4298B58F2BD19DB70091F576 /* PBXTargetDependency */,
			);
			name = TodoUITests;
			productName = TodoUITests;
			productReference = 4298B58D2BD19DB70091F576 /* TodoUITests.xctest */;
			productType = "com.apple.product-type.bundle.ui-testing";
		};
/* End PBXNativeTarget section */

/* Begin PBXProject section */
		4298B5622BD19DB50091F576 /* Project object */ = {
			isa = PBXProject;
			attributes = {
				BuildIndependentTargetsInParallel = 1;
				LastSwiftUpdateCheck = 1510;
				LastUpgradeCheck = 1510;
				TargetAttributes = {
					4298B5692BD19DB60091F576 = {
						CreatedOnToolsVersion = 15.1;
					};
					4298B5822BD19DB70091F576 = {
						CreatedOnToolsVersion = 15.1;
						TestTargetID = 4298B5692BD19DB60091F576;
					};
					4298B58C2BD19DB70091F576 = {
						CreatedOnToolsVersion = 15.1;
						TestTargetID = 4298B5692BD19DB60091F576;
					};
				};
			};
			buildConfigurationList = 4298B5652BD19DB50091F576 /* Build configuration list for PBXProject "Todo" */;
			compatibilityVersion = "Xcode 14.0";
			developmentRegion = en;
			hasScannedForEncodings = 0;
			knownRegions = (
				en,
				Base,
			);
			mainGroup = 4298B5612BD19DB50091F576;
			productRefGroup = 4298B56B2BD19DB60091F576 /* Products */;
			projectDirPath = "";
			projectRoot = "";
			targets = (
				4298B5692BD19DB60091F576 /* Todo */,
				4298B5822BD19DB70091F576 /* TodoTests */,
				4298B58C2BD19DB70091F576 /* TodoUITests */,
			);
		};
/* End PBXProject section */

/* Begin PBXResourcesBuildPhase section */
		4298B5682BD19DB60091F576 /* Resources */ = {
			isa = PBXResourcesBuildPhase;
			buildActionMask = 2147483647;
			files = (
				4298B57D2BD19DB70091F576 /* LaunchScreen.storyboard in Resources */,
				4298B57A2BD19DB70091F576 /* Assets.xcassets in Resources */,
				4298B5752BD19DB60091F576 /* Main.storyboard in Resources */,
			);
			runOnlyForDeploymentPostprocessing = 0;
		};
		4298B5812BD19DB70091F576 /* Resources */ = {
			isa = PBXResourcesBuildPhase;
			buildActionMask = 2147483647;
			files = (
			);
			runOnlyForDeploymentPostprocessing = 0;
		};
		4298B58B2BD19DB70091F576 /* Resources */ = {
			isa = PBXResourcesBuildPhase;
			buildActionMask = 2147483647;
			files = (
			);
			runOnlyForDeploymentPostprocessing = 0;
		};
/* End PBXResourcesBuildPhase section */

/* Begin PBXSourcesBuildPhase section */
		4298B5662BD19DB60091F576 /* Sources */ = {
			isa = PBXSourcesBuildPhase;
			buildActionMask = 2147483647;
			files = (
				4298B5722BD19DB60091F576 /* ViewController.swift in Sources */,
				4298B56E2BD19DB60091F576 /* AppDelegate.swift in Sources */,
				4298B5702BD19DB60091F576 /* SceneDelegate.swift in Sources */,
				4298B5782BD19DB60091F576 /* Todo.xcdatamodeld in Sources */,
			);
			runOnlyForDeploymentPostprocessing = 0;
		};
		4298B57F2BD19DB70091F576 /* Sources */ = {
			isa = PBXSourcesBuildPhase;
			buildActionMask = 2147483647;
			files = (
				4298B5882BD19DB70091F576 /* TodoTests.swift in Sources */,
			);
			runOnlyForDeploymentPostprocessing = 0;
		};
		4298B5892BD19DB70091F576 /* Sources */ = {
			isa = PBXSourcesBuildPhase;
			buildActionMask = 2147483647;
			files = (
				4298B5942BD19DB70091F576 /* TodoUITestsLaunchTests.swift in Sources */,
				4298B5922BD19DB70091F576 /* TodoUITests.swift in Sources */,
			);
			runOnlyForDeploymentPostprocessing = 0;
		};
/* End PBXSourcesBuildPhase section */

/* Begin PBXTargetDependency section */
		4298B5852BD19DB70091F576 /* PBXTargetDependency */ = {
			isa = PBXTargetDependency;
			target = 4298B5692BD19DB60091F576 /* Todo */;
			targetProxy = 4298B5842BD19DB70091F576 /* PBXContainerItemProxy */;
		};
		4298B58F2BD19DB70091F576 /* PBXTargetDependency */ = {
			isa = PBXTargetDependency;
			target = 4298B5692BD19DB60091F576 /* Todo */;
			targetProxy = 4298B58E2BD19DB70091F576 /* PBXContainerItemProxy */;
		};
/* End PBXTargetDependency section */

/* Begin PBXVariantGroup section */
		4298B5732BD19DB60091F576 /* Main.storyboard */ = {
			isa = PBXVariantGroup;
			children = (
				4298B5742BD19DB60091F576 /* Base */,
			);
			name = Main.storyboard;
			sourceTree = "<group>";
		};
		4298B57B2BD19DB70091F576 /* LaunchScreen.storyboard */ = {
			isa = PBXVariantGroup;
			children = (
				4298B57C2BD19DB70091F576 /* Base */,
			);
			name = LaunchScreen.storyboard;
			sourceTree = "<group>";
		};
/* End PBXVariantGroup section */

/* Begin XCBuildConfiguration section */
		4298B5952BD19DB70091F576 /* Debug */ = {
			isa = XCBuildConfiguration;
			buildSettings = {
				ALWAYS_SEARCH_USER_PATHS = NO;
				ASSETCATALOG_COMPILER_GENERATE_SWIFT_ASSET_SYMBOL_EXTENSIONS = YES;
				CLANG_ANALYZER_NONNULL = YES;
				CLANG_ANALYZER_NUMBER_OBJECT_CONVERSION = YES_AGGRESSIVE;
				CLANG_CXX_LANGUAGE_STANDARD = "gnu++20";
				CLANG_ENABLE_MODULES = YES;
				CLANG_ENABLE_OBJC_ARC = YES;
				CLANG_ENABLE_OBJC_WEAK = YES;
				CLANG_WARN_BLOCK_CAPTURE_AUTORELEASING = YES;
				CLANG_WARN_BOOL_CONVERSION = YES;
				CLANG_WARN_COMMA = YES;
				CLANG_WARN_CONSTANT_CONVERSION = YES;
				CLANG_WARN_DEPRECATED_OBJC_IMPLEMENTATIONS = YES;
				CLANG_WARN_DIRECT_OBJC_ISA_USAGE = YES_ERROR;
				CLANG_WARN_DOCUMENTATION_COMMENTS = YES;
				CLANG_WARN_EMPTY_BODY = YES;
				CLANG_WARN_ENUM_CONVERSION = YES;
				CLANG_WARN_INFINITE_RECURSION = YES;
				CLANG_WARN_INT_CONVERSION = YES;
				CLANG_WARN_NON_LITERAL_NULL_CONVERSION = YES;
				CLANG_WARN_OBJC_IMPLICIT_RETAIN_SELF = YES;
				CLANG_WARN_OBJC_LITERAL_CONVERSION = YES;
				CLANG_WARN_OBJC_ROOT_CLASS = YES_ERROR;
				CLANG_WARN_QUOTED_INCLUDE_IN_FRAMEWORK_HEADER = YES;
				CLANG_WARN_RANGE_LOOP_ANALYSIS = YES;
				CLANG_WARN_STRICT_PROTOTYPES = YES;
				CLANG_WARN_SUSPICIOUS_MOVE = YES;
				CLANG_WARN_UNGUARDED_AVAILABILITY = YES_AGGRESSIVE;
				CLANG_WARN_UNREACHABLE_CODE = YES;
				CLANG_WARN__DUPLICATE_METHOD_MATCH = YES;
				COPY_PHASE_STRIP = NO;
				DEBUG_INFORMATION_FORMAT = dwarf;
				ENABLE_STRICT_OBJC_MSGSEND = YES;
				ENABLE_TESTABILITY = YES;
				ENABLE_USER_SCRIPT_SANDBOXING = YES;
				GCC_C_LANGUAGE_STANDARD = gnu17;
				GCC_DYNAMIC_NO_PIC = NO;
				GCC_NO_COMMON_BLOCKS = YES;
				GCC_OPTIMIZATION_LEVEL = 0;
				GCC_PREPROCESSOR_DEFINITIONS = (
					"DEBUG=1",
					"$(inherited)",
				);
				GCC_WARN_64_TO_32_BIT_CONVERSION = YES;
				GCC_WARN_ABOUT_RETURN_TYPE = YES_ERROR;
				GCC_WARN_UNDECLARED_SELECTOR = YES;
				GCC_WARN_UNINITIALIZED_AUTOS = YES_AGGRESSIVE;
				GCC_WARN_UNUSED_FUNCTION = YES;
				GCC_WARN_UNUSED_VARIABLE = YES;
				IPHONEOS_DEPLOYMENT_TARGET = 17.2;
				LOCALIZATION_PREFERS_STRING_CATALOGS = YES;
				MTL_ENABLE_DEBUG_INFO = INCLUDE_SOURCE;
				MTL_FAST_MATH = YES;
				ONLY_ACTIVE_ARCH = YES;
				SDKROOT = iphoneos;
				SWIFT_ACTIVE_COMPILATION_CONDITIONS = "DEBUG $(inherited)";
				SWIFT_OPTIMIZATION_LEVEL = "-Onone";
			};
			name = Debug;
		};
		4298B5962BD19DB70091F576 /* Release */ = {
			isa = XCBuildConfiguration;
			buildSettings = {
				ALWAYS_SEARCH_USER_PATHS = NO;
				ASSETCATALOG_COMPILER_GENERATE_SWIFT_ASSET_SYMBOL_EXTENSIONS = YES;
				CLANG_ANALYZER_NONNULL = YES;
				CLANG_ANALYZER_NUMBER_OBJECT_CONVERSION = YES_AGGRESSIVE;
				CLANG_CXX_LANGUAGE_STANDARD = "gnu++20";
				CLANG_ENABLE_MODULES = YES;
				CLANG_ENABLE_OBJC_ARC = YES;
				CLANG_ENABLE_OBJC_WEAK = YES;
				CLANG_WARN_BLOCK_CAPTURE_AUTORELEASING = YES;
				CLANG_WARN_BOOL_CONVERSION = YES;
				CLANG_WARN_COMMA = YES;
				CLANG_WARN_CONSTANT_CONVERSION = YES;
				CLANG_WARN_DEPRECATED_OBJC_IMPLEMENTATIONS = YES;
				CLANG_WARN_DIRECT_OBJC_ISA_USAGE = YES_ERROR;
				CLANG_WARN_DOCUMENTATION_COMMENTS = YES;
				CLANG_WARN_EMPTY_BODY = YES;
				CLANG_WARN_ENUM_CONVERSION = YES;
				CLANG_WARN_INFINITE_RECURSION = YES;
				CLANG_WARN_INT_CONVERSION = YES;
				CLANG_WARN_NON_LITERAL_NULL_CONVERSION = YES;
				CLANG_WARN_OBJC_IMPLICIT_RETAIN_SELF = YES;
				CLANG_WARN_OBJC_LITERAL_CONVERSION = YES;
				CLANG_WARN_OBJC_ROOT_CLASS = YES_ERROR;
				CLANG_WARN_QUOTED_INCLUDE_IN_FRAMEWORK_HEADER = YES;
				CLANG_WARN_RANGE_LOOP_ANALYSIS = YES;
				CLANG_WARN_STRICT_PROTOTYPES = YES;
				CLANG_WARN_SUSPICIOUS_MOVE = YES;
				CLANG_WARN_UNGUARDED_AVAILABILITY = YES_AGGRESSIVE;
				CLANG_WARN_UNREACHABLE_CODE = YES;
				CLANG_WARN__DUPLICATE_METHOD_MATCH = YES;
				COPY_PHASE_STRIP = NO;
				DEBUG_INFORMATION_FORMAT = "dwarf-with-dsym";
				ENABLE_NS_ASSERTIONS = NO;
				ENABLE_STRICT_OBJC_MSGSEND = YES;
				ENABLE_USER_SCRIPT_SANDBOXING = YES;
				GCC_C_LANGUAGE_STANDARD = gnu17;
				GCC_NO_COMMON_BLOCKS = YES;
				GCC_WARN_64_TO_32_BIT_CONVERSION = YES;
				GCC_WARN_ABOUT_RETURN_TYPE = YES_ERROR;
				GCC_WARN_UNDECLARED_SELECTOR = YES;
				GCC_WARN_UNINITIALIZED_AUTOS = YES_AGGRESSIVE;
				GCC_WARN_UNUSED_FUNCTION = YES;
				GCC_WARN_UNUSED_VARIABLE = YES;
				IPHONEOS_DEPLOYMENT_TARGET = 17.2;
				LOCALIZATION_PREFERS_STRING_CATALOGS = YES;
				MTL_ENABLE_DEBUG_INFO = NO;
				MTL_FAST_MATH = YES;
				SDKROOT = iphoneos;
				SWIFT_COMPILATION_MODE = wholemodule;
				VALIDATE_PRODUCT = YES;
			};
			name = Release;
		};
		4298B5982BD19DB70091F576 /* Debug */ = {
			isa = XCBuildConfiguration;
			buildSettings = {
				ASSETCATALOG_COMPILER_APPICON_NAME = AppIcon;
				ASSETCATALOG_COMPILER_GLOBAL_ACCENT_COLOR_NAME = AccentColor;
				CODE_SIGN_STYLE = Automatic;
				CURRENT_PROJECT_VERSION = 1;
				GENERATE_INFOPLIST_FILE = YES;
				INFOPLIST_FILE = Todo/Info.plist;
				INFOPLIST_KEY_UIApplicationSupportsIndirectInputEvents = YES;
				INFOPLIST_KEY_UILaunchStoryboardName = LaunchScreen;
				INFOPLIST_KEY_UIMainStoryboardFile = Main;
				INFOPLIST_KEY_UISupportedInterfaceOrientations_iPad = "UIInterfaceOrientationPortrait UIInterfaceOrientationPortraitUpsideDown UIInterfaceOrientationLandscapeLeft UIInterfaceOrientationLandscapeRight";
				INFOPLIST_KEY_UISupportedInterfaceOrientations_iPhone = "UIInterfaceOrientationPortrait UIInterfaceOrientationLandscapeLeft UIInterfaceOrientationLandscapeRight";
				LD_RUNPATH_SEARCH_PATHS = (
					"$(inherited)",
					"@executable_path/Frameworks",
				);
				MARKETING_VERSION = 1.0;
				PRODUCT_BUNDLE_IDENTIFIER = com.babaji.Todo;
				PRODUCT_NAME = "$(TARGET_NAME)";
				SWIFT_EMIT_LOC_STRINGS = YES;
				SWIFT_VERSION = 5.0;
				TARGETED_DEVICE_FAMILY = "1,2";
			};
			name = Debug;
		};
		4298B5992BD19DB70091F576 /* Release */ = {
			isa = XCBuildConfiguration;
			buildSettings = {
				ASSETCATALOG_COMPILER_APPICON_NAME = AppIcon;
				ASSETCATALOG_COMPILER_GLOBAL_ACCENT_COLOR_NAME = AccentColor;
				CODE_SIGN_STYLE = Automatic;
				CURRENT_PROJECT_VERSION = 1;
				GENERATE_INFOPLIST_FILE = YES;
				INFOPLIST_FILE = Todo/Info.plist;
				INFOPLIST_KEY_UIApplicationSupportsIndirectInputEvents = YES;
				INFOPLIST_KEY_UILaunchStoryboardName = LaunchScreen;
				INFOPLIST_KEY_UIMainStoryboardFile = Main;
				INFOPLIST_KEY_UISupportedInterfaceOrientations_iPad = "UIInterfaceOrientationPortrait UIInterfaceOrientationPortraitUpsideDown UIInterfaceOrientationLandscapeLeft UIInterfaceOrientationLandscapeRight";
				INFOPLIST_KEY_UISupportedInterfaceOrientations_iPhone = "UIInterfaceOrientationPortrait UIInterfaceOrientationLandscapeLeft UIInterfaceOrientationLandscapeRight";
				LD_RUNPATH_SEARCH_PATHS = (
					"$(inherited)",
					"@executable_path/Frameworks",
				);
				MARKETING_VERSION = 1.0;
				PRODUCT_BUNDLE_IDENTIFIER = com.babaji.Todo;
				PRODUCT_NAME = "$(TARGET_NAME)";
				SWIFT_EMIT_LOC_STRINGS = YES;
				SWIFT_VERSION = 5.0;
				TARGETED_DEVICE_FAMILY = "1,2";
			};
			name = Release;
		};
		4298B59B2BD19DB70091F576 /* Debug */ = {
			isa = XCBuildConfiguration;
			buildSettings = {
				ALWAYS_EMBED_SWIFT_STANDARD_LIBRARIES = YES;
				BUNDLE_LOADER = "$(TEST_HOST)";
				CODE_SIGN_STYLE = Automatic;
				CURRENT_PROJECT_VERSION = 1;
				GENERATE_INFOPLIST_FILE = YES;
				IPHONEOS_DEPLOYMENT_TARGET = 17.2;
				MARKETING_VERSION = 1.0;
				PRODUCT_BUNDLE_IDENTIFIER = com.babaji.TodoTests;
				PRODUCT_NAME = "$(TARGET_NAME)";
				SWIFT_EMIT_LOC_STRINGS = NO;
				SWIFT_VERSION = 5.0;
				TARGETED_DEVICE_FAMILY = "1,2";
				TEST_HOST = "$(BUILT_PRODUCTS_DIR)/Todo.app/$(BUNDLE_EXECUTABLE_FOLDER_PATH)/Todo";
			};
			name = Debug;
		};
		4298B59C2BD19DB70091F576 /* Release */ = {
			isa = XCBuildConfiguration;
			buildSettings = {
				ALWAYS_EMBED_SWIFT_STANDARD_LIBRARIES = YES;
				BUNDLE_LOADER = "$(TEST_HOST)";
				CODE_SIGN_STYLE = Automatic;
				CURRENT_PROJECT_VERSION = 1;
				GENERATE_INFOPLIST_FILE = YES;
				IPHONEOS_DEPLOYMENT_TARGET = 17.2;
				MARKETING_VERSION = 1.0;
				PRODUCT_BUNDLE_IDENTIFIER = com.babaji.TodoTests;
				PRODUCT_NAME = "$(TARGET_NAME)";
				SWIFT_EMIT_LOC_STRINGS = NO;
				SWIFT_VERSION = 5.0;
				TARGETED_DEVICE_FAMILY = "1,2";
				TEST_HOST = "$(BUILT_PRODUCTS_DIR)/Todo.app/$(BUNDLE_EXECUTABLE_FOLDER_PATH)/Todo";
			};
			name = Release;
		};
		4298B59E2BD19DB70091F576 /* Debug */ = {
			isa = XCBuildConfiguration;
			buildSettings = {
				ALWAYS_EMBED_SWIFT_STANDARD_LIBRARIES = YES;
				CODE_SIGN_STYLE = Automatic;
				CURRENT_PROJECT_VERSION = 1;
				GENERATE_INFOPLIST_FILE = YES;
				MARKETING_VERSION = 1.0;
				PRODUCT_BUNDLE_IDENTIFIER = com.babaji.TodoUITests;
				PRODUCT_NAME = "$(TARGET_NAME)";
				SWIFT_EMIT_LOC_STRINGS = NO;
				SWIFT_VERSION = 5.0;
				TARGETED_DEVICE_FAMILY = "1,2";
				TEST_TARGET_NAME = Todo;
			};
			name = Debug;
		};
		4298B59F2BD19DB70091F576 /* Release */ = {
			isa = XCBuildConfiguration;
			buildSettings = {
				ALWAYS_EMBED_SWIFT_STANDARD_LIBRARIES = YES;
				CODE_SIGN_STYLE = Automatic;
				CURRENT_PROJECT_VERSION = 1;
				GENERATE_INFOPLIST_FILE = YES;
				MARKETING_VERSION = 1.0;
				PRODUCT_BUNDLE_IDENTIFIER = com.babaji.TodoUITests;
				PRODUCT_NAME = "$(TARGET_NAME)";
				SWIFT_EMIT_LOC_STRINGS = NO;
				SWIFT_VERSION = 5.0;
				TARGETED_DEVICE_FAMILY = "1,2";
				TEST_TARGET_NAME = Todo;
			};
			name = Release;
		};
/* End XCBuildConfiguration section */

/* Begin XCConfigurationList section */
		4298B5652BD19DB50091F576 /* Build configuration list for PBXProject "Todo" */ = {
			isa = XCConfigurationList;
			buildConfigurations = (
				4298B5952BD19DB70091F576 /* Debug */,
				4298B5962BD19DB70091F576 /* Release */,
			);
			defaultConfigurationIsVisible = 0;
			defaultConfigurationName = Release;
		};
		4298B5972BD19DB70091F576 /* Build configuration list for PBXNativeTarget "Todo" */ = {
			isa = XCConfigurationList;
			buildConfigurations = (
				4298B5982BD19DB70091F576 /* Debug */,
				4298B5992BD19DB70091F576 /* Release */,
			);
			defaultConfigurationIsVisible = 0;
			defaultConfigurationName = Release;
		};
		4298B59A2BD19DB70091F576 /* Build configuration list for PBXNativeTarget "TodoTests" */ = {
			isa = XCConfigurationList;
			buildConfigurations = (
				4298B59B2BD19DB70091F576 /* Debug */,
				4298B59C2BD19DB70091F576 /* Release */,
			);
			defaultConfigurationIsVisible = 0;
			defaultConfigurationName = Release;
		};
		4298B59D2BD19DB70091F576 /* Build configuration list for PBXNativeTarget "TodoUITests" */ = {
			isa = XCConfigurationList;
			buildConfigurations = (
				4298B59E2BD19DB70091F576 /* Debug */,
				4298B59F2BD19DB70091F576 /* Release */,
			);
			defaultConfigurationIsVisible = 0;
			defaultConfigurationName = Release;
		};
/* End XCConfigurationList section */

/* Begin XCVersionGroup section */
		4298B5762BD19DB60091F576 /* Todo.xcdatamodeld */ = {
			isa = XCVersionGroup;
			children = (
				4298B5772BD19DB60091F576 /* Todo.xcdatamodel */,
			);
			currentVersion = 4298B5772BD19DB60091F576 /* Todo.xcdatamodel */;
			path = Todo.xcdatamodeld;
			sourceTree = "<group>";
			versionGroupType = wrapper.xcdatamodel;
		};
/* End XCVersionGroup section */
	};
	rootObject = 4298B5622BD19DB50091F576 /* Project object */;
}
